// !$*UTF8*$!
{
	archiveVersion = 1;
	classes = {
	};
	objectVersion = 48;
	objects = {

/* Begin PBXBuildFile section */
		0239D3F2D136D8E4C4AA3F3E /* Pods_demoUITests.framework in Frameworks */ = {isa = PBXBuildFile; fileRef = 20E091678888F5E52CBE564C /* Pods_demoUITests.framework */; };
		36CADC412B0A4B05E3093C1E /* Pods_demoTests.framework in Frameworks */ = {isa = PBXBuildFile; fileRef = 656C198F8C25E5B7070B0B08 /* Pods_demoTests.framework */; };
		3E3B3843372FE8B391AB2A83 /* Pods_demo.framework in Frameworks */ = {isa = PBXBuildFile; fileRef = 3150EBB7A79FF0125FAEEB95 /* Pods_demo.framework */; };
		3F865D2A204C8D720037829A /* AppDelegate.swift in Sources */ = {isa = PBXBuildFile; fileRef = 3F865D29204C8D720037829A /* AppDelegate.swift */; };
		3F865D2C204C8D720037829A /* ViewController.swift in Sources */ = {isa = PBXBuildFile; fileRef = 3F865D2B204C8D720037829A /* ViewController.swift */; };
		3F865D2F204C8D720037829A /* Main.storyboard in Resources */ = {isa = PBXBuildFile; fileRef = 3F865D2D204C8D720037829A /* Main.storyboard */; };
		3F865D31204C8D720037829A /* Assets.xcassets in Resources */ = {isa = PBXBuildFile; fileRef = 3F865D30204C8D720037829A /* Assets.xcassets */; };
		3F865D34204C8D720037829A /* LaunchScreen.storyboard in Resources */ = {isa = PBXBuildFile; fileRef = 3F865D32204C8D720037829A /* LaunchScreen.storyboard */; };
		3F865D3F204C8D720037829A /* demoTests.swift in Sources */ = {isa = PBXBuildFile; fileRef = 3F865D3E204C8D720037829A /* demoTests.swift */; };
		3F865D4A204C8D720037829A /* demoUITests.swift in Sources */ = {isa = PBXBuildFile; fileRef = 3F865D49204C8D720037829A /* demoUITests.swift */; };
		3FD426DE2055D1E9001FF2F8 /* BinUtils.swift in Sources */ = {isa = PBXBuildFile; fileRef = 3FD426DD2055D1E9001FF2F8 /* BinUtils.swift */; };
/* End PBXBuildFile section */

/* Begin PBXContainerItemProxy section */
		3F865D3B204C8D720037829A /* PBXContainerItemProxy */ = {
			isa = PBXContainerItemProxy;
			containerPortal = 3F865D1E204C8D720037829A /* Project object */;
			proxyType = 1;
			remoteGlobalIDString = 3F865D25204C8D720037829A;
			remoteInfo = demo;
		};
		3F865D46204C8D720037829A /* PBXContainerItemProxy */ = {
			isa = PBXContainerItemProxy;
			containerPortal = 3F865D1E204C8D720037829A /* Project object */;
			proxyType = 1;
			remoteGlobalIDString = 3F865D25204C8D720037829A;
			remoteInfo = demo;
		};
/* End PBXContainerItemProxy section */

/* Begin PBXFileReference section */
		154E0C79764FB7EAD03ACCE6 /* Pods-demoTests.release.xcconfig */ = {isa = PBXFileReference; includeInIndex = 1; lastKnownFileType = text.xcconfig; name = "Pods-demoTests.release.xcconfig"; path = "Pods/Target Support Files/Pods-demoTests/Pods-demoTests.release.xcconfig"; sourceTree = "<group>"; };
		16BF4BD6BB366C6ACD78AFAB /* Pods-demoTests.debug.xcconfig */ = {isa = PBXFileReference; includeInIndex = 1; lastKnownFileType = text.xcconfig; name = "Pods-demoTests.debug.xcconfig"; path = "Pods/Target Support Files/Pods-demoTests/Pods-demoTests.debug.xcconfig"; sourceTree = "<group>"; };
		20E091678888F5E52CBE564C /* Pods_demoUITests.framework */ = {isa = PBXFileReference; explicitFileType = wrapper.framework; includeInIndex = 0; path = Pods_demoUITests.framework; sourceTree = BUILT_PRODUCTS_DIR; };
		3150EBB7A79FF0125FAEEB95 /* Pods_demo.framework */ = {isa = PBXFileReference; explicitFileType = wrapper.framework; includeInIndex = 0; path = Pods_demo.framework; sourceTree = BUILT_PRODUCTS_DIR; };
		3F865D26204C8D720037829A /* demo.app */ = {isa = PBXFileReference; explicitFileType = wrapper.application; includeInIndex = 0; path = demo.app; sourceTree = BUILT_PRODUCTS_DIR; };
		3F865D29204C8D720037829A /* AppDelegate.swift */ = {isa = PBXFileReference; lastKnownFileType = sourcecode.swift; path = AppDelegate.swift; sourceTree = "<group>"; };
		3F865D2B204C8D720037829A /* ViewController.swift */ = {isa = PBXFileReference; lastKnownFileType = sourcecode.swift; path = ViewController.swift; sourceTree = "<group>"; };
		3F865D2E204C8D720037829A /* Base */ = {isa = PBXFileReference; lastKnownFileType = file.storyboard; name = Base; path = Base.lproj/Main.storyboard; sourceTree = "<group>"; };
		3F865D30204C8D720037829A /* Assets.xcassets */ = {isa = PBXFileReference; lastKnownFileType = folder.assetcatalog; path = Assets.xcassets; sourceTree = "<group>"; };
		3F865D33204C8D720037829A /* Base */ = {isa = PBXFileReference; lastKnownFileType = file.storyboard; name = Base; path = Base.lproj/LaunchScreen.storyboard; sourceTree = "<group>"; };
		3F865D35204C8D720037829A /* Info.plist */ = {isa = PBXFileReference; lastKnownFileType = text.plist.xml; path = Info.plist; sourceTree = "<group>"; };
		3F865D3A204C8D720037829A /* demoTests.xctest */ = {isa = PBXFileReference; explicitFileType = wrapper.cfbundle; includeInIndex = 0; path = demoTests.xctest; sourceTree = BUILT_PRODUCTS_DIR; };
		3F865D3E204C8D720037829A /* demoTests.swift */ = {isa = PBXFileReference; lastKnownFileType = sourcecode.swift; path = demoTests.swift; sourceTree = "<group>"; };
		3F865D40204C8D720037829A /* Info.plist */ = {isa = PBXFileReference; lastKnownFileType = text.plist.xml; path = Info.plist; sourceTree = "<group>"; };
		3F865D45204C8D720037829A /* demoUITests.xctest */ = {isa = PBXFileReference; explicitFileType = wrapper.cfbundle; includeInIndex = 0; path = demoUITests.xctest; sourceTree = BUILT_PRODUCTS_DIR; };
		3F865D49204C8D720037829A /* demoUITests.swift */ = {isa = PBXFileReference; lastKnownFileType = sourcecode.swift; path = demoUITests.swift; sourceTree = "<group>"; };
		3F865D4B204C8D720037829A /* Info.plist */ = {isa = PBXFileReference; lastKnownFileType = text.plist.xml; path = Info.plist; sourceTree = "<group>"; };
		3FD426DD2055D1E9001FF2F8 /* BinUtils.swift */ = {isa = PBXFileReference; lastKnownFileType = sourcecode.swift; name = BinUtils.swift; path = /Users/BenFrancis/Documents/projects/demo/demo/BinUtils.swift; sourceTree = "<absolute>"; };
		6490EB5093199AE3F8768F00 /* Pods-demo.debug.xcconfig */ = {isa = PBXFileReference; includeInIndex = 1; lastKnownFileType = text.xcconfig; name = "Pods-demo.debug.xcconfig"; path = "Pods/Target Support Files/Pods-demo/Pods-demo.debug.xcconfig"; sourceTree = "<group>"; };
		656C198F8C25E5B7070B0B08 /* Pods_demoTests.framework */ = {isa = PBXFileReference; explicitFileType = wrapper.framework; includeInIndex = 0; path = Pods_demoTests.framework; sourceTree = BUILT_PRODUCTS_DIR; };
		BC493D2329A7FF7BED52760D /* Pods-demo.release.xcconfig */ = {isa = PBXFileReference; includeInIndex = 1; lastKnownFileType = text.xcconfig; name = "Pods-demo.release.xcconfig"; path = "Pods/Target Support Files/Pods-demo/Pods-demo.release.xcconfig"; sourceTree = "<group>"; };
		D5819A431240CFE00E7A3D9E /* Pods-demoUITests.release.xcconfig */ = {isa = PBXFileReference; includeInIndex = 1; lastKnownFileType = text.xcconfig; name = "Pods-demoUITests.release.xcconfig"; path = "Pods/Target Support Files/Pods-demoUITests/Pods-demoUITests.release.xcconfig"; sourceTree = "<group>"; };
		F68528E3225368BBBFCF82AF /* Pods-demoUITests.debug.xcconfig */ = {isa = PBXFileReference; includeInIndex = 1; lastKnownFileType = text.xcconfig; name = "Pods-demoUITests.debug.xcconfig"; path = "Pods/Target Support Files/Pods-demoUITests/Pods-demoUITests.debug.xcconfig"; sourceTree = "<group>"; };
/* End PBXFileReference section */

/* Begin PBXFrameworksBuildPhase section */
		3F865D23204C8D720037829A /* Frameworks */ = {
			isa = PBXFrameworksBuildPhase;
			buildActionMask = 2147483647;
			files = (
				3E3B3843372FE8B391AB2A83 /* Pods_demo.framework in Frameworks */,
			);
			runOnlyForDeploymentPostprocessing = 0;
		};
		3F865D37204C8D720037829A /* Frameworks */ = {
			isa = PBXFrameworksBuildPhase;
			buildActionMask = 2147483647;
			files = (
				36CADC412B0A4B05E3093C1E /* Pods_demoTests.framework in Frameworks */,
			);
			runOnlyForDeploymentPostprocessing = 0;
		};
		3F865D42204C8D720037829A /* Frameworks */ = {
			isa = PBXFrameworksBuildPhase;
			buildActionMask = 2147483647;
			files = (
				0239D3F2D136D8E4C4AA3F3E /* Pods_demoUITests.framework in Frameworks */,
			);
			runOnlyForDeploymentPostprocessing = 0;
		};
/* End PBXFrameworksBuildPhase section */

/* Begin PBXGroup section */
		3F865D1D204C8D720037829A = {
			isa = PBXGroup;
			children = (
				3F865D28204C8D720037829A /* demo */,
				3F865D3D204C8D720037829A /* demoTests */,
				3F865D48204C8D720037829A /* demoUITests */,
				3F865D27204C8D720037829A /* Products */,
				C972454B14DC51AA3DF534FD /* Pods */,
				649C70172CE2A0EB75DEC76B /* Frameworks */,
			);
			sourceTree = "<group>";
		};
		3F865D27204C8D720037829A /* Products */ = {
			isa = PBXGroup;
			children = (
				3F865D26204C8D720037829A /* demo.app */,
				3F865D3A204C8D720037829A /* demoTests.xctest */,
				3F865D45204C8D720037829A /* demoUITests.xctest */,
			);
			name = Products;
			sourceTree = "<group>";
		};
		3F865D28204C8D720037829A /* demo */ = {
			isa = PBXGroup;
			children = (
				3FD426DD2055D1E9001FF2F8 /* BinUtils.swift */,
				3F865D29204C8D720037829A /* AppDelegate.swift */,
				3F865D2B204C8D720037829A /* ViewController.swift */,
				3F865D2D204C8D720037829A /* Main.storyboard */,
				3F865D30204C8D720037829A /* Assets.xcassets */,
				3F865D32204C8D720037829A /* LaunchScreen.storyboard */,
				3F865D35204C8D720037829A /* Info.plist */,
			);
			path = demo;
			sourceTree = "<group>";
		};
		3F865D3D204C8D720037829A /* demoTests */ = {
			isa = PBXGroup;
			children = (
				3F865D3E204C8D720037829A /* demoTests.swift */,
				3F865D40204C8D720037829A /* Info.plist */,
			);
			path = demoTests;
			sourceTree = "<group>";
		};
		3F865D48204C8D720037829A /* demoUITests */ = {
			isa = PBXGroup;
			children = (
				3F865D49204C8D720037829A /* demoUITests.swift */,
				3F865D4B204C8D720037829A /* Info.plist */,
			);
			path = demoUITests;
			sourceTree = "<group>";
		};
		649C70172CE2A0EB75DEC76B /* Frameworks */ = {
			isa = PBXGroup;
			children = (
				3150EBB7A79FF0125FAEEB95 /* Pods_demo.framework */,
				656C198F8C25E5B7070B0B08 /* Pods_demoTests.framework */,
				20E091678888F5E52CBE564C /* Pods_demoUITests.framework */,
			);
			name = Frameworks;
			sourceTree = "<group>";
		};
		C972454B14DC51AA3DF534FD /* Pods */ = {
			isa = PBXGroup;
			children = (
				6490EB5093199AE3F8768F00 /* Pods-demo.debug.xcconfig */,
				BC493D2329A7FF7BED52760D /* Pods-demo.release.xcconfig */,
				16BF4BD6BB366C6ACD78AFAB /* Pods-demoTests.debug.xcconfig */,
				154E0C79764FB7EAD03ACCE6 /* Pods-demoTests.release.xcconfig */,
				F68528E3225368BBBFCF82AF /* Pods-demoUITests.debug.xcconfig */,
				D5819A431240CFE00E7A3D9E /* Pods-demoUITests.release.xcconfig */,
			);
			name = Pods;
			sourceTree = "<group>";
		};
/* End PBXGroup section */

/* Begin PBXNativeTarget section */
		3F865D25204C8D720037829A /* demo */ = {
			isa = PBXNativeTarget;
			buildConfigurationList = 3F865D4E204C8D720037829A /* Build configuration list for PBXNativeTarget "demo" */;
			buildPhases = (
				6B098C1603B331935FB7349D /* [CP] Check Pods Manifest.lock */,
				3F865D22204C8D720037829A /* Sources */,
				3F865D23204C8D720037829A /* Frameworks */,
				3F865D24204C8D720037829A /* Resources */,
				27B786B9179DFD8CE911DDBD /* [CP] Embed Pods Frameworks */,
				9032D1972D571F69D84D322A /* [CP] Copy Pods Resources */,
			);
			buildRules = (
			);
			dependencies = (
			);
			name = demo;
			productName = demo;
			productReference = 3F865D26204C8D720037829A /* demo.app */;
			productType = "com.apple.product-type.application";
		};
		3F865D39204C8D720037829A /* demoTests */ = {
			isa = PBXNativeTarget;
			buildConfigurationList = 3F865D51204C8D720037829A /* Build configuration list for PBXNativeTarget "demoTests" */;
			buildPhases = (
				110B8A3A6FDBC9BFE55ED718 /* [CP] Check Pods Manifest.lock */,
				3F865D36204C8D720037829A /* Sources */,
				3F865D37204C8D720037829A /* Frameworks */,
				3F865D38204C8D720037829A /* Resources */,
				64168C7893599F54DE73F5D4 /* [CP] Embed Pods Frameworks */,
				878DA07C96C2EAB864F42D2A /* [CP] Copy Pods Resources */,
			);
			buildRules = (
			);
			dependencies = (
				3F865D3C204C8D720037829A /* PBXTargetDependency */,
			);
			name = demoTests;
			productName = demoTests;
			productReference = 3F865D3A204C8D720037829A /* demoTests.xctest */;
			productType = "com.apple.product-type.bundle.unit-test";
		};
		3F865D44204C8D720037829A /* demoUITests */ = {
			isa = PBXNativeTarget;
			buildConfigurationList = 3F865D54204C8D720037829A /* Build configuration list for PBXNativeTarget "demoUITests" */;
			buildPhases = (
				6955F86AEA46A925A39B2FD8 /* [CP] Check Pods Manifest.lock */,
				3F865D41204C8D720037829A /* Sources */,
				3F865D42204C8D720037829A /* Frameworks */,
				3F865D43204C8D720037829A /* Resources */,
				B8AA95775281EAF845B77CBB /* [CP] Embed Pods Frameworks */,
				7A54FC93AC205D1140DAA7EB /* [CP] Copy Pods Resources */,
			);
			buildRules = (
			);
			dependencies = (
				3F865D47204C8D720037829A /* PBXTargetDependency */,
			);
			name = demoUITests;
			productName = demoUITests;
			productReference = 3F865D45204C8D720037829A /* demoUITests.xctest */;
			productType = "com.apple.product-type.bundle.ui-testing";
		};
/* End PBXNativeTarget section */

/* Begin PBXProject section */
		3F865D1E204C8D720037829A /* Project object */ = {
			isa = PBXProject;
			attributes = {
				LastSwiftUpdateCheck = 0920;
				LastUpgradeCheck = 0920;
				ORGANIZATIONNAME = "Ben Francis";
				TargetAttributes = {
					3F865D25204C8D720037829A = {
						CreatedOnToolsVersion = 9.2;
						ProvisioningStyle = Automatic;
					};
					3F865D39204C8D720037829A = {
						CreatedOnToolsVersion = 9.2;
						ProvisioningStyle = Automatic;
						TestTargetID = 3F865D25204C8D720037829A;
					};
					3F865D44204C8D720037829A = {
						CreatedOnToolsVersion = 9.2;
						ProvisioningStyle = Automatic;
						TestTargetID = 3F865D25204C8D720037829A;
					};
				};
			};
			buildConfigurationList = 3F865D21204C8D720037829A /* Build configuration list for PBXProject "demo" */;
			compatibilityVersion = "Xcode 8.0";
			developmentRegion = en;
			hasScannedForEncodings = 0;
			knownRegions = (
				en,
				Base,
			);
			mainGroup = 3F865D1D204C8D720037829A;
			productRefGroup = 3F865D27204C8D720037829A /* Products */;
			projectDirPath = "";
			projectRoot = "";
			targets = (
				3F865D25204C8D720037829A /* demo */,
				3F865D39204C8D720037829A /* demoTests */,
				3F865D44204C8D720037829A /* demoUITests */,
			);
		};
/* End PBXProject section */

/* Begin PBXResourcesBuildPhase section */
		3F865D24204C8D720037829A /* Resources */ = {
			isa = PBXResourcesBuildPhase;
			buildActionMask = 2147483647;
			files = (
				3F865D34204C8D720037829A /* LaunchScreen.storyboard in Resources */,
				3F865D31204C8D720037829A /* Assets.xcassets in Resources */,
				3F865D2F204C8D720037829A /* Main.storyboard in Resources */,
			);
			runOnlyForDeploymentPostprocessing = 0;
		};
		3F865D38204C8D720037829A /* Resources */ = {
			isa = PBXResourcesBuildPhase;
			buildActionMask = 2147483647;
			files = (
			);
			runOnlyForDeploymentPostprocessing = 0;
		};
		3F865D43204C8D720037829A /* Resources */ = {
			isa = PBXResourcesBuildPhase;
			buildActionMask = 2147483647;
			files = (
			);
			runOnlyForDeploymentPostprocessing = 0;
		};
/* End PBXResourcesBuildPhase section */

/* Begin PBXShellScriptBuildPhase section */
		110B8A3A6FDBC9BFE55ED718 /* [CP] Check Pods Manifest.lock */ = {
			isa = PBXShellScriptBuildPhase;
			buildActionMask = 2147483647;
			files = (
			);
			inputPaths = (
				"${PODS_PODFILE_DIR_PATH}/Podfile.lock",
				"${PODS_ROOT}/Manifest.lock",
			);
			name = "[CP] Check Pods Manifest.lock";
			outputPaths = (
				"$(DERIVED_FILE_DIR)/Pods-demoTests-checkManifestLockResult.txt",
			);
			runOnlyForDeploymentPostprocessing = 0;
			shellPath = /bin/sh;
			shellScript = "diff \"${PODS_PODFILE_DIR_PATH}/Podfile.lock\" \"${PODS_ROOT}/Manifest.lock\" > /dev/null\nif [ $? != 0 ] ; then\n    # print error to STDERR\n    echo \"error: The sandbox is not in sync with the Podfile.lock. Run 'pod install' or update your CocoaPods installation.\" >&2\n    exit 1\nfi\n# This output is used by Xcode 'outputs' to avoid re-running this script phase.\necho \"SUCCESS\" > \"${SCRIPT_OUTPUT_FILE_0}\"\n";
			showEnvVarsInLog = 0;
		};
		27B786B9179DFD8CE911DDBD /* [CP] Embed Pods Frameworks */ = {
			isa = PBXShellScriptBuildPhase;
			buildActionMask = 2147483647;
			files = (
			);
			inputPaths = (
				"${SRCROOT}/Pods/Target Support Files/Pods-demo/Pods-demo-frameworks.sh",
				"${BUILT_PRODUCTS_DIR}/Charts/Charts.framework",
				"${BUILT_PRODUCTS_DIR}/SwiftSocket/SwiftSocket.framework",
			);
			name = "[CP] Embed Pods Frameworks";
			outputPaths = (
				"${TARGET_BUILD_DIR}/${FRAMEWORKS_FOLDER_PATH}/Charts.framework",
				"${TARGET_BUILD_DIR}/${FRAMEWORKS_FOLDER_PATH}/SwiftSocket.framework",
			);
			runOnlyForDeploymentPostprocessing = 0;
			shellPath = /bin/sh;
			shellScript = "\"${SRCROOT}/Pods/Target Support Files/Pods-demo/Pods-demo-frameworks.sh\"\n";
			showEnvVarsInLog = 0;
		};
		64168C7893599F54DE73F5D4 /* [CP] Embed Pods Frameworks */ = {
			isa = PBXShellScriptBuildPhase;
			buildActionMask = 2147483647;
			files = (
			);
			inputPaths = (
			);
			name = "[CP] Embed Pods Frameworks";
			outputPaths = (
			);
			runOnlyForDeploymentPostprocessing = 0;
			shellPath = /bin/sh;
			shellScript = "\"${SRCROOT}/Pods/Target Support Files/Pods-demoTests/Pods-demoTests-frameworks.sh\"\n";
			showEnvVarsInLog = 0;
		};
		6955F86AEA46A925A39B2FD8 /* [CP] Check Pods Manifest.lock */ = {
			isa = PBXShellScriptBuildPhase;
			buildActionMask = 2147483647;
			files = (
			);
			inputPaths = (
				"${PODS_PODFILE_DIR_PATH}/Podfile.lock",
				"${PODS_ROOT}/Manifest.lock",
			);
			name = "[CP] Check Pods Manifest.lock";
			outputPaths = (
				"$(DERIVED_FILE_DIR)/Pods-demoUITests-checkManifestLockResult.txt",
			);
			runOnlyForDeploymentPostprocessing = 0;
			shellPath = /bin/sh;
			shellScript = "diff \"${PODS_PODFILE_DIR_PATH}/Podfile.lock\" \"${PODS_ROOT}/Manifest.lock\" > /dev/null\nif [ $? != 0 ] ; then\n    # print error to STDERR\n    echo \"error: The sandbox is not in sync with the Podfile.lock. Run 'pod install' or update your CocoaPods installation.\" >&2\n    exit 1\nfi\n# This output is used by Xcode 'outputs' to avoid re-running this script phase.\necho \"SUCCESS\" > \"${SCRIPT_OUTPUT_FILE_0}\"\n";
			showEnvVarsInLog = 0;
		};
		6B098C1603B331935FB7349D /* [CP] Check Pods Manifest.lock */ = {
			isa = PBXShellScriptBuildPhase;
			buildActionMask = 2147483647;
			files = (
			);
			inputPaths = (
				"${PODS_PODFILE_DIR_PATH}/Podfile.lock",
				"${PODS_ROOT}/Manifest.lock",
			);
			name = "[CP] Check Pods Manifest.lock";
			outputPaths = (
				"$(DERIVED_FILE_DIR)/Pods-demo-checkManifestLockResult.txt",
			);
			runOnlyForDeploymentPostprocessing = 0;
			shellPath = /bin/sh;
			shellScript = "diff \"${PODS_PODFILE_DIR_PATH}/Podfile.lock\" \"${PODS_ROOT}/Manifest.lock\" > /dev/null\nif [ $? != 0 ] ; then\n    # print error to STDERR\n    echo \"error: The sandbox is not in sync with the Podfile.lock. Run 'pod install' or update your CocoaPods installation.\" >&2\n    exit 1\nfi\n# This output is used by Xcode 'outputs' to avoid re-running this script phase.\necho \"SUCCESS\" > \"${SCRIPT_OUTPUT_FILE_0}\"\n";
			showEnvVarsInLog = 0;
		};
		7A54FC93AC205D1140DAA7EB /* [CP] Copy Pods Resources */ = {
			isa = PBXShellScriptBuildPhase;
			buildActionMask = 2147483647;
			files = (
			);
			inputPaths = (
			);
			name = "[CP] Copy Pods Resources";
			outputPaths = (
			);
			runOnlyForDeploymentPostprocessing = 0;
			shellPath = /bin/sh;
			shellScript = "\"${SRCROOT}/Pods/Target Support Files/Pods-demoUITests/Pods-demoUITests-resources.sh\"\n";
			showEnvVarsInLog = 0;
		};
		878DA07C96C2EAB864F42D2A /* [CP] Copy Pods Resources */ = {
			isa = PBXShellScriptBuildPhase;
			buildActionMask = 2147483647;
			files = (
			);
			inputPaths = (
			);
			name = "[CP] Copy Pods Resources";
			outputPaths = (
			);
			runOnlyForDeploymentPostprocessing = 0;
			shellPath = /bin/sh;
			shellScript = "\"${SRCROOT}/Pods/Target Support Files/Pods-demoTests/Pods-demoTests-resources.sh\"\n";
			showEnvVarsInLog = 0;
		};
		9032D1972D571F69D84D322A /* [CP] Copy Pods Resources */ = {
			isa = PBXShellScriptBuildPhase;
			buildActionMask = 2147483647;
			files = (
			);
			inputPaths = (
			);
			name = "[CP] Copy Pods Resources";
			outputPaths = (
			);
			runOnlyForDeploymentPostprocessing = 0;
			shellPath = /bin/sh;
			shellScript = "\"${SRCROOT}/Pods/Target Support Files/Pods-demo/Pods-demo-resources.sh\"\n";
			showEnvVarsInLog = 0;
		};
		B8AA95775281EAF845B77CBB /* [CP] Embed Pods Frameworks */ = {
			isa = PBXShellScriptBuildPhase;
			buildActionMask = 2147483647;
			files = (
			);
			inputPaths = (
			);
			name = "[CP] Embed Pods Frameworks";
			outputPaths = (
			);
			runOnlyForDeploymentPostprocessing = 0;
			shellPath = /bin/sh;
			shellScript = "\"${SRCROOT}/Pods/Target Support Files/Pods-demoUITests/Pods-demoUITests-frameworks.sh\"\n";
			showEnvVarsInLog = 0;
		};
/* End PBXShellScriptBuildPhase section */

/* Begin PBXSourcesBuildPhase section */
		3F865D22204C8D720037829A /* Sources */ = {
			isa = PBXSourcesBuildPhase;
			buildActionMask = 2147483647;
			files = (
				3F865D2C204C8D720037829A /* ViewController.swift in Sources */,
				3F865D2A204C8D720037829A /* AppDelegate.swift in Sources */,
				3FD426DE2055D1E9001FF2F8 /* BinUtils.swift in Sources */,
			);
			runOnlyForDeploymentPostprocessing = 0;
		};
		3F865D36204C8D720037829A /* Sources */ = {
			isa = PBXSourcesBuildPhase;
			buildActionMask = 2147483647;
			files = (
				3F865D3F204C8D720037829A /* demoTests.swift in Sources */,
			);
			runOnlyForDeploymentPostprocessing = 0;
		};
		3F865D41204C8D720037829A /* Sources */ = {
			isa = PBXSourcesBuildPhase;
			buildActionMask = 2147483647;
			files = (
				3F865D4A204C8D720037829A /* demoUITests.swift in Sources */,
			);
			runOnlyForDeploymentPostprocessing = 0;
		};
/* End PBXSourcesBuildPhase section */

/* Begin PBXTargetDependency section */
		3F865D3C204C8D720037829A /* PBXTargetDependency */ = {
			isa = PBXTargetDependency;
			target = 3F865D25204C8D720037829A /* demo */;
			targetProxy = 3F865D3B204C8D720037829A /* PBXContainerItemProxy */;
		};
		3F865D47204C8D720037829A /* PBXTargetDependency */ = {
			isa = PBXTargetDependency;
			target = 3F865D25204C8D720037829A /* demo */;
			targetProxy = 3F865D46204C8D720037829A /* PBXContainerItemProxy */;
		};
/* End PBXTargetDependency section */

/* Begin PBXVariantGroup section */
		3F865D2D204C8D720037829A /* Main.storyboard */ = {
			isa = PBXVariantGroup;
			children = (
				3F865D2E204C8D720037829A /* Base */,
			);
			name = Main.storyboard;
			sourceTree = "<group>";
		};
		3F865D32204C8D720037829A /* LaunchScreen.storyboard */ = {
			isa = PBXVariantGroup;
			children = (
				3F865D33204C8D720037829A /* Base */,
			);
			name = LaunchScreen.storyboard;
			sourceTree = "<group>";
		};
/* End PBXVariantGroup section */

/* Begin XCBuildConfiguration section */
		3F865D4C204C8D720037829A /* Debug */ = {
			isa = XCBuildConfiguration;
			buildSettings = {
				ALWAYS_SEARCH_USER_PATHS = NO;
				CLANG_ANALYZER_NONNULL = YES;
				CLANG_ANALYZER_NUMBER_OBJECT_CONVERSION = YES_AGGRESSIVE;
				CLANG_CXX_LANGUAGE_STANDARD = "gnu++14";
				CLANG_CXX_LIBRARY = "libc++";
				CLANG_ENABLE_MODULES = YES;
				CLANG_ENABLE_OBJC_ARC = YES;
				CLANG_WARN_BLOCK_CAPTURE_AUTORELEASING = YES;
				CLANG_WARN_BOOL_CONVERSION = YES;
				CLANG_WARN_COMMA = YES;
				CLANG_WARN_CONSTANT_CONVERSION = YES;
				CLANG_WARN_DIRECT_OBJC_ISA_USAGE = YES_ERROR;
				CLANG_WARN_DOCUMENTATION_COMMENTS = YES;
				CLANG_WARN_EMPTY_BODY = YES;
				CLANG_WARN_ENUM_CONVERSION = YES;
				CLANG_WARN_INFINITE_RECURSION = YES;
				CLANG_WARN_INT_CONVERSION = YES;
				CLANG_WARN_NON_LITERAL_NULL_CONVERSION = YES;
				CLANG_WARN_OBJC_LITERAL_CONVERSION = YES;
				CLANG_WARN_OBJC_ROOT_CLASS = YES_ERROR;
				CLANG_WARN_RANGE_LOOP_ANALYSIS = YES;
				CLANG_WARN_STRICT_PROTOTYPES = YES;
				CLANG_WARN_SUSPICIOUS_MOVE = YES;
				CLANG_WARN_UNGUARDED_AVAILABILITY = YES_AGGRESSIVE;
				CLANG_WARN_UNREACHABLE_CODE = YES;
				CLANG_WARN__DUPLICATE_METHOD_MATCH = YES;
				CODE_SIGN_IDENTITY = "iPhone Developer";
				COPY_PHASE_STRIP = NO;
				DEBUG_INFORMATION_FORMAT = dwarf;
				ENABLE_STRICT_OBJC_MSGSEND = YES;
				ENABLE_TESTABILITY = YES;
				GCC_C_LANGUAGE_STANDARD = gnu11;
				GCC_DYNAMIC_NO_PIC = NO;
				GCC_NO_COMMON_BLOCKS = YES;
				GCC_OPTIMIZATION_LEVEL = 0;
				GCC_PREPROCESSOR_DEFINITIONS = (
					"DEBUG=1",
					"$(inherited)",
				);
				GCC_WARN_64_TO_32_BIT_CONVERSION = YES;
				GCC_WARN_ABOUT_RETURN_TYPE = YES_ERROR;
				GCC_WARN_UNDECLARED_SELECTOR = YES;
				GCC_WARN_UNINITIALIZED_AUTOS = YES_AGGRESSIVE;
				GCC_WARN_UNUSED_FUNCTION = YES;
				GCC_WARN_UNUSED_VARIABLE = YES;
				IPHONEOS_DEPLOYMENT_TARGET = 11.2;
				MTL_ENABLE_DEBUG_INFO = YES;
				ONLY_ACTIVE_ARCH = YES;
				SDKROOT = iphoneos;
				SWIFT_ACTIVE_COMPILATION_CONDITIONS = DEBUG;
				SWIFT_OPTIMIZATION_LEVEL = "-Onone";
			};
			name = Debug;
		};
		3F865D4D204C8D720037829A /* Release */ = {
			isa = XCBuildConfiguration;
			buildSettings = {
				ALWAYS_SEARCH_USER_PATHS = NO;
				CLANG_ANALYZER_NONNULL = YES;
				CLANG_ANALYZER_NUMBER_OBJECT_CONVERSION = YES_AGGRESSIVE;
				CLANG_CXX_LANGUAGE_STANDARD = "gnu++14";
				CLANG_CXX_LIBRARY = "libc++";
				CLANG_ENABLE_MODULES = YES;
				CLANG_ENABLE_OBJC_ARC = YES;
				CLANG_WARN_BLOCK_CAPTURE_AUTORELEASING = YES;
				CLANG_WARN_BOOL_CONVERSION = YES;
				CLANG_WARN_COMMA = YES;
				CLANG_WARN_CONSTANT_CONVERSION = YES;
				CLANG_WARN_DIRECT_OBJC_ISA_USAGE = YES_ERROR;
				CLANG_WARN_DOCUMENTATION_COMMENTS = YES;
				CLANG_WARN_EMPTY_BODY = YES;
				CLANG_WARN_ENUM_CONVERSION = YES;
				CLANG_WARN_INFINITE_RECURSION = YES;
				CLANG_WARN_INT_CONVERSION = YES;
				CLANG_WARN_NON_LITERAL_NULL_CONVERSION = YES;
				CLANG_WARN_OBJC_LITERAL_CONVERSION = YES;
				CLANG_WARN_OBJC_ROOT_CLASS = YES_ERROR;
				CLANG_WARN_RANGE_LOOP_ANALYSIS = YES;
				CLANG_WARN_STRICT_PROTOTYPES = YES;
				CLANG_WARN_SUSPICIOUS_MOVE = YES;
				CLANG_WARN_UNGUARDED_AVAILABILITY = YES_AGGRESSIVE;
				CLANG_WARN_UNREACHABLE_CODE = YES;
				CLANG_WARN__DUPLICATE_METHOD_MATCH = YES;
				CODE_SIGN_IDENTITY = "iPhone Developer";
				COPY_PHASE_STRIP = NO;
				DEBUG_INFORMATION_FORMAT = "dwarf-with-dsym";
				ENABLE_NS_ASSERTIONS = NO;
				ENABLE_STRICT_OBJC_MSGSEND = YES;
				GCC_C_LANGUAGE_STANDARD = gnu11;
				GCC_NO_COMMON_BLOCKS = YES;
				GCC_WARN_64_TO_32_BIT_CONVERSION = YES;
				GCC_WARN_ABOUT_RETURN_TYPE = YES_ERROR;
				GCC_WARN_UNDECLARED_SELECTOR = YES;
				GCC_WARN_UNINITIALIZED_AUTOS = YES_AGGRESSIVE;
				GCC_WARN_UNUSED_FUNCTION = YES;
				GCC_WARN_UNUSED_VARIABLE = YES;
				IPHONEOS_DEPLOYMENT_TARGET = 11.2;
				MTL_ENABLE_DEBUG_INFO = NO;
				SDKROOT = iphoneos;
				SWIFT_OPTIMIZATION_LEVEL = "-Owholemodule";
				VALIDATE_PRODUCT = YES;
			};
			name = Release;
		};
		3F865D4F204C8D720037829A /* Debug */ = {
			isa = XCBuildConfiguration;
			baseConfigurationReference = 6490EB5093199AE3F8768F00 /* Pods-demo.debug.xcconfig */;
			buildSettings = {
				ASSETCATALOG_COMPILER_APPICON_NAME = AppIcon;
				CODE_SIGN_STYLE = Automatic;
				DEVELOPMENT_TEAM = V7L6UZHHKQ;
				INFOPLIST_FILE = demo/Info.plist;
				LD_RUNPATH_SEARCH_PATHS = "$(inherited) @executable_path/Frameworks";
				PRODUCT_BUNDLE_IDENTIFIER = mmda.demo;
				PRODUCT_NAME = "$(TARGET_NAME)";
				SWIFT_VERSION = 4.0;
				TARGETED_DEVICE_FAMILY = "1,2";
			};
			name = Debug;
		};
		3F865D50204C8D720037829A /* Release */ = {
			isa = XCBuildConfiguration;
			baseConfigurationReference = BC493D2329A7FF7BED52760D /* Pods-demo.release.xcconfig */;
			buildSettings = {
				ASSETCATALOG_COMPILER_APPICON_NAME = AppIcon;
				CODE_SIGN_STYLE = Automatic;
				DEVELOPMENT_TEAM = V7L6UZHHKQ;
				INFOPLIST_FILE = demo/Info.plist;
				LD_RUNPATH_SEARCH_PATHS = "$(inherited) @executable_path/Frameworks";
				PRODUCT_BUNDLE_IDENTIFIER = mmda.demo;
				PRODUCT_NAME = "$(TARGET_NAME)";
				SWIFT_VERSION = 4.0;
				TARGETED_DEVICE_FAMILY = "1,2";
			};
			name = Release;
		};
		3F865D52204C8D720037829A /* Debug */ = {
			isa = XCBuildConfiguration;
			baseConfigurationReference = 16BF4BD6BB366C6ACD78AFAB /* Pods-demoTests.debug.xcconfig */;
			buildSettings = {
				ALWAYS_EMBED_SWIFT_STANDARD_LIBRARIES = YES;
				BUNDLE_LOADER = "$(TEST_HOST)";
				CODE_SIGN_STYLE = Automatic;
				DEVELOPMENT_TEAM = V7L6UZHHKQ;
				INFOPLIST_FILE = demoTests/Info.plist;
				LD_RUNPATH_SEARCH_PATHS = "$(inherited) @executable_path/Frameworks @loader_path/Frameworks";
				PRODUCT_BUNDLE_IDENTIFIER = mmda.demoTests;
				PRODUCT_NAME = "$(TARGET_NAME)";
				SWIFT_VERSION = 4.0;
				TARGETED_DEVICE_FAMILY = "1,2";
				TEST_HOST = "$(BUILT_PRODUCTS_DIR)/demo.app/demo";
			};
			name = Debug;
		};
		3F865D53204C8D720037829A /* Release */ = {
			isa = XCBuildConfiguration;
			baseConfigurationReference = 154E0C79764FB7EAD03ACCE6 /* Pods-demoTests.release.xcconfig */;
			buildSettings = {
				ALWAYS_EMBED_SWIFT_STANDARD_LIBRARIES = YES;
				BUNDLE_LOADER = "$(TEST_HOST)";
				CODE_SIGN_STYLE = Automatic;
				DEVELOPMENT_TEAM = V7L6UZHHKQ;
				INFOPLIST_FILE = demoTests/Info.plist;
				LD_RUNPATH_SEARCH_PATHS = "$(inherited) @executable_path/Frameworks @loader_path/Frameworks";
				PRODUCT_BUNDLE_IDENTIFIER = mmda.demoTests;
				PRODUCT_NAME = "$(TARGET_NAME)";
				SWIFT_VERSION = 4.0;
				TARGETED_DEVICE_FAMILY = "1,2";
				TEST_HOST = "$(BUILT_PRODUCTS_DIR)/demo.app/demo";
			};
			name = Release;
		};
		3F865D55204C8D720037829A /* Debug */ = {
			isa = XCBuildConfiguration;
			baseConfigurationReference = F68528E3225368BBBFCF82AF /* Pods-demoUITests.debug.xcconfig */;
			buildSettings = {
				ALWAYS_EMBED_SWIFT_STANDARD_LIBRARIES = YES;
				CODE_SIGN_STYLE = Automatic;
				DEVELOPMENT_TEAM = V7L6UZHHKQ;
				INFOPLIST_FILE = demoUITests/Info.plist;
				LD_RUNPATH_SEARCH_PATHS = "$(inherited) @executable_path/Frameworks @loader_path/Frameworks";
				PRODUCT_BUNDLE_IDENTIFIER = mmda.demoUITests;
				PRODUCT_NAME = "$(TARGET_NAME)";
				SWIFT_VERSION = 4.0;
				TARGETED_DEVICE_FAMILY = "1,2";
				TEST_TARGET_NAME = demo;
			};
			name = Debug;
		};
		3F865D56204C8D720037829A /* Release */ = {
			isa = XCBuildConfiguration;
			baseConfigurationReference = D5819A431240CFE00E7A3D9E /* Pods-demoUITests.release.xcconfig */;
			buildSettings = {
				ALWAYS_EMBED_SWIFT_STANDARD_LIBRARIES = YES;
				CODE_SIGN_STYLE = Automatic;
				DEVELOPMENT_TEAM = V7L6UZHHKQ;
				INFOPLIST_FILE = demoUITests/Info.plist;
				LD_RUNPATH_SEARCH_PATHS = "$(inherited) @executable_path/Frameworks @loader_path/Frameworks";
				PRODUCT_BUNDLE_IDENTIFIER = mmda.demoUITests;
				PRODUCT_NAME = "$(TARGET_NAME)";
				SWIFT_VERSION = 4.0;
				TARGETED_DEVICE_FAMILY = "1,2";
				TEST_TARGET_NAME = demo;
			};
			name = Release;
		};
/* End XCBuildConfiguration section */

/* Begin XCConfigurationList section */
		3F865D21204C8D720037829A /* Build configuration list for PBXProject "demo" */ = {
			isa = XCConfigurationList;
			buildConfigurations = (
				3F865D4C204C8D720037829A /* Debug */,
				3F865D4D204C8D720037829A /* Release */,
			);
			defaultConfigurationIsVisible = 0;
			defaultConfigurationName = Release;
		};
		3F865D4E204C8D720037829A /* Build configuration list for PBXNativeTarget "demo" */ = {
			isa = XCConfigurationList;
			buildConfigurations = (
				3F865D4F204C8D720037829A /* Debug */,
				3F865D50204C8D720037829A /* Release */,
			);
			defaultConfigurationIsVisible = 0;
			defaultConfigurationName = Release;
		};
		3F865D51204C8D720037829A /* Build configuration list for PBXNativeTarget "demoTests" */ = {
			isa = XCConfigurationList;
			buildConfigurations = (
				3F865D52204C8D720037829A /* Debug */,
				3F865D53204C8D720037829A /* Release */,
			);
			defaultConfigurationIsVisible = 0;
			defaultConfigurationName = Release;
		};
		3F865D54204C8D720037829A /* Build configuration list for PBXNativeTarget "demoUITests" */ = {
			isa = XCConfigurationList;
			buildConfigurations = (
				3F865D55204C8D720037829A /* Debug */,
				3F865D56204C8D720037829A /* Release */,
			);
			defaultConfigurationIsVisible = 0;
			defaultConfigurationName = Release;
		};
/* End XCConfigurationList section */
	};
	rootObject = 3F865D1E204C8D720037829A /* Project object */;
}
